
Microsoft Visual Studio Solution File, Format Version 12.00
# Visual Studio Version 16
VisualStudioVersion = 16.0.31025.194
MinimumVisualStudioVersion = 10.0.40219.1
Project("{2150E333-8FDC-42A3-9474-1A3956D46DE8}") = "src", "src", "{0AA65882-8F37-460C-8E75-98C68FE27AA1}"
EndProject
Project("{2150E333-8FDC-42A3-9474-1A3956D46DE8}") = "Web.API", "Web.API", "{3D6E04F6-F52C-4FCD-B447-76C5B5618526}"
EndProject
Project("{2150E333-8FDC-42A3-9474-1A3956D46DE8}") = "Web.Client", "Web.Client", "{3559E908-069F-49EB-BF34-A2E40B4764D4}"
EndProject
Project("{9A19103F-16F7-4668-BE54-9A1E7A4F7556}") = "MyMusic.API", "MyMusic.API\MyMusic.API.csproj", "{20F07D07-F742-410C-AB52-8500622F978C}"
EndProject
Project("{9A19103F-16F7-4668-BE54-9A1E7A4F7556}") = "MyMusicCore", "MyMusicCore\MyMusicCore.csproj", "{D2152619-E7C4-48CE-905D-8BE37429A875}"
EndProject
Project("{9A19103F-16F7-4668-BE54-9A1E7A4F7556}") = "MyMusic.Services", "MyMusic.Services\MyMusic.Services.csproj", "{6F8F24BE-1D26-4D83-AB9C-5D34B327E3E9}"
EndProject
Project("{9A19103F-16F7-4668-BE54-9A1E7A4F7556}") = "MyMusic.Data", "MyMusic.Data\MyMusic.Data.csproj", "{DDBB7FFD-D3D3-48A3-91E4-61EFE0DCB54B}"
EndProject
Project("{9A19103F-16F7-4668-BE54-9A1E7A4F7556}") = "MyMusic.Data.MongoDB", "MyMusic.Data.MongoDB\MyMusic.Data.MongoDB.csproj", "{64B855E6-43C1-47A9-9CD0-75D4898296E0}"
EndProject
Project("{FAE04EC0-301F-11D3-BF4B-00C04F79EFBC}") = "MyMusicMVC", "MyMusicMVC\MyMusicMVC.csproj", "{281AEDD9-A164-4AC7-8C9A-98BA7B286935}"
EndProject
Global
	GlobalSection(SolutionConfigurationPlatforms) = preSolution
		Debug|Any CPU = Debug|Any CPU
		Release|Any CPU = Release|Any CPU
	EndGlobalSection
	GlobalSection(ProjectConfigurationPlatforms) = postSolution
		{20F07D07-F742-410C-AB52-8500622F978C}.Debug|Any CPU.ActiveCfg = Debug|Any CPU
		{20F07D07-F742-410C-AB52-8500622F978C}.Debug|Any CPU.Build.0 = Debug|Any CPU
		{20F07D07-F742-410C-AB52-8500622F978C}.Release|Any CPU.ActiveCfg = Release|Any CPU
		{20F07D07-F742-410C-AB52-8500622F978C}.Release|Any CPU.Build.0 = Release|Any CPU
		{D2152619-E7C4-48CE-905D-8BE37429A875}.Debug|Any CPU.ActiveCfg = Debug|Any CPU
		{D2152619-E7C4-48CE-905D-8BE37429A875}.Debug|Any CPU.Build.0 = Debug|Any CPU
		{D2152619-E7C4-48CE-905D-8BE37429A875}.Release|Any CPU.ActiveCfg = Release|Any CPU
		{D2152619-E7C4-48CE-905D-8BE37429A875}.Release|Any CPU.Build.0 = Release|Any CPU
		{6F8F24BE-1D26-4D83-AB9C-5D34B327E3E9}.Debug|Any CPU.ActiveCfg = Debug|Any CPU
		{6F8F24BE-1D26-4D83-AB9C-5D34B327E3E9}.Debug|Any CPU.Build.0 = Debug|Any CPU
		{6F8F24BE-1D26-4D83-AB9C-5D34B327E3E9}.Release|Any CPU.ActiveCfg = Release|Any CPU
		{6F8F24BE-1D26-4D83-AB9C-5D34B327E3E9}.Release|Any CPU.Build.0 = Release|Any CPU
		{DDBB7FFD-D3D3-48A3-91E4-61EFE0DCB54B}.Debug|Any CPU.ActiveCfg = Debug|Any CPU
		{DDBB7FFD-D3D3-48A3-91E4-61EFE0DCB54B}.Debug|Any CPU.Build.0 = Debug|Any CPU
		{DDBB7FFD-D3D3-48A3-91E4-61EFE0DCB54B}.Release|Any CPU.ActiveCfg = Release|Any CPU
		{DDBB7FFD-D3D3-48A3-91E4-61EFE0DCB54B}.Release|Any CPU.Build.0 = Release|Any CPU
		{64B855E6-43C1-47A9-9CD0-75D4898296E0}.Debug|Any CPU.ActiveCfg = Debug|Any CPU
		{64B855E6-43C1-47A9-9CD0-75D4898296E0}.Debug|Any CPU.Build.0 = Debug|Any CPU
		{64B855E6-43C1-47A9-9CD0-75D4898296E0}.Release|Any CPU.ActiveCfg = Release|Any CPU
		{64B855E6-43C1-47A9-9CD0-75D4898296E0}.Release|Any CPU.Build.0 = Release|Any CPU
		{281AEDD9-A164-4AC7-8C9A-98BA7B286935}.Debug|Any CPU.ActiveCfg = Debug|Any CPU
		{281AEDD9-A164-4AC7-8C9A-98BA7B286935}.Debug|Any CPU.Build.0 = Debug|Any CPU
		{281AEDD9-A164-4AC7-8C9A-98BA7B286935}.Release|Any CPU.ActiveCfg = Release|Any CPU
		{281AEDD9-A164-4AC7-8C9A-98BA7B286935}.Release|Any CPU.Build.0 = Release|Any CPU
	EndGlobalSection
	GlobalSection(SolutionProperties) = preSolution
		HideSolutionNode = FALSE
	EndGlobalSection
	GlobalSection(NestedProjects) = preSolution
		{3D6E04F6-F52C-4FCD-B447-76C5B5618526} = {0AA65882-8F37-460C-8E75-98C68FE27AA1}
		{3559E908-069F-49EB-BF34-A2E40B4764D4} = {0AA65882-8F37-460C-8E75-98C68FE27AA1}
		{20F07D07-F742-410C-AB52-8500622F978C} = {3D6E04F6-F52C-4FCD-B447-76C5B5618526}
		{D2152619-E7C4-48CE-905D-8BE37429A875} = {3D6E04F6-F52C-4FCD-B447-76C5B5618526}
		{6F8F24BE-1D26-4D83-AB9C-5D34B327E3E9} = {3D6E04F6-F52C-4FCD-B447-76C5B5618526}
		{DDBB7FFD-D3D3-48A3-91E4-61EFE0DCB54B} = {3D6E04F6-F52C-4FCD-B447-76C5B5618526}
		{64B855E6-43C1-47A9-9CD0-75D4898296E0} = {3D6E04F6-F52C-4FCD-B447-76C5B5618526}
		{281AEDD9-A164-4AC7-8C9A-98BA7B286935} = {3559E908-069F-49EB-BF34-A2E40B4764D4}
	EndGlobalSection
	GlobalSection(ExtensibilityGlobals) = postSolution
		SolutionGuid = {9B896DD1-5D22-41C2-ADE0-7CA25C7B0BDD}
	EndGlobalSection
EndGlobal
